
Microsoft Visual Studio Solution File, Format Version 12.00
# Visual Studio Express 2013 for Windows Desktop
VisualStudioVersion = 12.0.30723.0
MinimumVisualStudioVersion = 10.0.40219.1
Project("{FAE04EC0-301F-11D3-BF4B-00C04F79EFBC}") = "ConsoleApplication1", "ConsoleApplication1\ConsoleApplication1.csproj", "{7A4FF852-169F-4530-B5FB-E5DFDB109BED}"
EndProject
Global
	GlobalSection(SolutionConfigurationPlatforms) = preSolution
		Debug|Any CPU = Debug|Any CPU
		Release|Any CPU = Release|Any CPU
	EndGlobalSection
	GlobalSection(ProjectConfigurationPlatforms) = postSolution
		{7A4FF852-169F-4530-B5FB-E5DFDB109BED}.Debug|Any CPU.ActiveCfg = Debug|Any CPU
		{7A4FF852-169F-4530-B5FB-E5DFDB109BED}.Debug|Any CPU.Build.0 = Debug|Any CPU
		{7A4FF852-169F-4530-B5FB-E5DFDB109BED}.Release|Any CPU.ActiveCfg = Release|Any CPU
		{7A4FF852-169F-4530-B5FB-E5DFDB109BED}.Release|Any CPU.Build.0 = Release|Any CPU
	EndGlobalSection
	GlobalSection(SolutionProperties) = preSolution
		HideSolutionNode = FALSE
	EndGlobalSection
EndGlobal
